
Microsoft Visual Studio Solution File, Format Version 12.00
# Visual Studio Version 16
VisualStudioVersion = 16.0.30413.136
MinimumVisualStudioVersion = 10.0.40219.1
Project("{9A19103F-16F7-4668-BE54-9A1E7A4F7556}") = "Traveller", "Traveller\Traveller.csproj", "{53F0B9E1-3E0D-420F-9672-1D4946C7E589}"
EndProject
Project("{9A19103F-16F7-4668-BE54-9A1E7A4F7556}") = "Nomad", "Nomad\Nomad.csproj", "{C8B4C0F5-EBEC-41A0-857A-D2DDA37D1B7B}"
EndProject
Project("{9A19103F-16F7-4668-BE54-9A1E7A4F7556}") = "Viewer", "Viewer\Viewer.csproj", "{97915858-C5F7-4BEE-BAE7-71E19BB138D7}"
EndProject
Project("{9A19103F-16F7-4668-BE54-9A1E7A4F7556}") = "Tests", "Tests\Tests.csproj", "{A068A0A6-4E53-4CC0-A6B8-8E4D520EFB47}"
EndProject
Project("{9A19103F-16F7-4668-BE54-9A1E7A4F7556}") = "GraphicMap", "GraphicMap\GraphicMap.csproj", "{FBC26745-B369-4FD6-A04D-BB96E5C6EE89}"
EndProject
Global
	GlobalSection(SolutionConfigurationPlatforms) = preSolution
		Debug|Any CPU = Debug|Any CPU
		Release|Any CPU = Release|Any CPU
	EndGlobalSection
	GlobalSection(ProjectConfigurationPlatforms) = postSolution
		{53F0B9E1-3E0D-420F-9672-1D4946C7E589}.Debug|Any CPU.ActiveCfg = Debug|Any CPU
		{53F0B9E1-3E0D-420F-9672-1D4946C7E589}.Debug|Any CPU.Build.0 = Debug|Any CPU
		{53F0B9E1-3E0D-420F-9672-1D4946C7E589}.Release|Any CPU.ActiveCfg = Release|Any CPU
		{53F0B9E1-3E0D-420F-9672-1D4946C7E589}.Release|Any CPU.Build.0 = Release|Any CPU
		{C8B4C0F5-EBEC-41A0-857A-D2DDA37D1B7B}.Debug|Any CPU.ActiveCfg = Debug|Any CPU
		{C8B4C0F5-EBEC-41A0-857A-D2DDA37D1B7B}.Debug|Any CPU.Build.0 = Debug|Any CPU
		{C8B4C0F5-EBEC-41A0-857A-D2DDA37D1B7B}.Release|Any CPU.ActiveCfg = Release|Any CPU
		{C8B4C0F5-EBEC-41A0-857A-D2DDA37D1B7B}.Release|Any CPU.Build.0 = Release|Any CPU
		{97915858-C5F7-4BEE-BAE7-71E19BB138D7}.Debug|Any CPU.ActiveCfg = Debug|Any CPU
		{97915858-C5F7-4BEE-BAE7-71E19BB138D7}.Debug|Any CPU.Build.0 = Debug|Any CPU
		{97915858-C5F7-4BEE-BAE7-71E19BB138D7}.Release|Any CPU.ActiveCfg = Release|Any CPU
		{97915858-C5F7-4BEE-BAE7-71E19BB138D7}.Release|Any CPU.Build.0 = Release|Any CPU
		{A068A0A6-4E53-4CC0-A6B8-8E4D520EFB47}.Debug|Any CPU.ActiveCfg = Debug|Any CPU
		{A068A0A6-4E53-4CC0-A6B8-8E4D520EFB47}.Debug|Any CPU.Build.0 = Debug|Any CPU
		{A068A0A6-4E53-4CC0-A6B8-8E4D520EFB47}.Release|Any CPU.ActiveCfg = Release|Any CPU
		{A068A0A6-4E53-4CC0-A6B8-8E4D520EFB47}.Release|Any CPU.Build.0 = Release|Any CPU
		{FBC26745-B369-4FD6-A04D-BB96E5C6EE89}.Debug|Any CPU.ActiveCfg = Debug|Any CPU
		{FBC26745-B369-4FD6-A04D-BB96E5C6EE89}.Debug|Any CPU.Build.0 = Debug|Any CPU
		{FBC26745-B369-4FD6-A04D-BB96E5C6EE89}.Release|Any CPU.ActiveCfg = Release|Any CPU
		{FBC26745-B369-4FD6-A04D-BB96E5C6EE89}.Release|Any CPU.Build.0 = Release|Any CPU
	EndGlobalSection
	GlobalSection(SolutionProperties) = preSolution
		HideSolutionNode = FALSE
	EndGlobalSection
	GlobalSection(ExtensibilityGlobals) = postSolution
		SolutionGuid = {1744D6EC-2A81-447C-A3FE-B7D211DE2BE1}
	EndGlobalSection
EndGlobal
