
Microsoft Visual Studio Solution File, Format Version 12.00
# Visual Studio Version 17
VisualStudioVersion = 17.0.32014.148
MinimumVisualStudioVersion = 10.0.40219.1
Project("{9A19103F-16F7-4668-BE54-9A1E7A4F7556}") = "DomainServices", "Traveller\DomainServices.csproj", "{53F0B9E1-3E0D-420F-9672-1D4946C7E589}"
EndProject
Project("{9A19103F-16F7-4668-BE54-9A1E7A4F7556}") = "Tests", "Tests\Tests.csproj", "{A068A0A6-4E53-4CC0-A6B8-8E4D520EFB47}"
EndProject
Project("{9A19103F-16F7-4668-BE54-9A1E7A4F7556}") = "Data", "StaticData\Data.csproj", "{E5B59322-4EDF-4C84-93FE-427F277996A1}"
EndProject
Project("{9A19103F-16F7-4668-BE54-9A1E7A4F7556}") = "RouteDataManager", "RouteDataManager\RouteDataManager.csproj", "{C41F33FE-4F34-4B15-88B9-C0D09ACD7ED5}"
EndProject
Project("{9A19103F-16F7-4668-BE54-9A1E7A4F7556}") = "Domain", "Domain\Domain.csproj", "{BF561FB5-CAE8-4300-AE1C-275D8E7109CE}"
EndProject
Project("{FAE04EC0-301F-11D3-BF4B-00C04F79EFBC}") = "Application", "AutoMapper\Application.csproj", "{A5DACF98-3F86-45F0-B720-CC40BC2D8831}"
EndProject
Global
	GlobalSection(SolutionConfigurationPlatforms) = preSolution
		Debug|Any CPU = Debug|Any CPU
		Release|Any CPU = Release|Any CPU
	EndGlobalSection
	GlobalSection(ProjectConfigurationPlatforms) = postSolution
		{53F0B9E1-3E0D-420F-9672-1D4946C7E589}.Debug|Any CPU.ActiveCfg = Debug|Any CPU
		{53F0B9E1-3E0D-420F-9672-1D4946C7E589}.Debug|Any CPU.Build.0 = Debug|Any CPU
		{53F0B9E1-3E0D-420F-9672-1D4946C7E589}.Release|Any CPU.ActiveCfg = Release|Any CPU
		{53F0B9E1-3E0D-420F-9672-1D4946C7E589}.Release|Any CPU.Build.0 = Release|Any CPU
		{A068A0A6-4E53-4CC0-A6B8-8E4D520EFB47}.Debug|Any CPU.ActiveCfg = Debug|Any CPU
		{A068A0A6-4E53-4CC0-A6B8-8E4D520EFB47}.Debug|Any CPU.Build.0 = Debug|Any CPU
		{A068A0A6-4E53-4CC0-A6B8-8E4D520EFB47}.Release|Any CPU.ActiveCfg = Release|Any CPU
		{A068A0A6-4E53-4CC0-A6B8-8E4D520EFB47}.Release|Any CPU.Build.0 = Release|Any CPU
		{E5B59322-4EDF-4C84-93FE-427F277996A1}.Debug|Any CPU.ActiveCfg = Debug|Any CPU
		{E5B59322-4EDF-4C84-93FE-427F277996A1}.Debug|Any CPU.Build.0 = Debug|Any CPU
		{E5B59322-4EDF-4C84-93FE-427F277996A1}.Release|Any CPU.ActiveCfg = Release|Any CPU
		{E5B59322-4EDF-4C84-93FE-427F277996A1}.Release|Any CPU.Build.0 = Release|Any CPU
		{C41F33FE-4F34-4B15-88B9-C0D09ACD7ED5}.Debug|Any CPU.ActiveCfg = Debug|Any CPU
		{C41F33FE-4F34-4B15-88B9-C0D09ACD7ED5}.Debug|Any CPU.Build.0 = Debug|Any CPU
		{C41F33FE-4F34-4B15-88B9-C0D09ACD7ED5}.Release|Any CPU.ActiveCfg = Release|Any CPU
		{C41F33FE-4F34-4B15-88B9-C0D09ACD7ED5}.Release|Any CPU.Build.0 = Release|Any CPU
		{BF561FB5-CAE8-4300-AE1C-275D8E7109CE}.Debug|Any CPU.ActiveCfg = Debug|Any CPU
		{BF561FB5-CAE8-4300-AE1C-275D8E7109CE}.Debug|Any CPU.Build.0 = Debug|Any CPU
		{BF561FB5-CAE8-4300-AE1C-275D8E7109CE}.Release|Any CPU.ActiveCfg = Release|Any CPU
		{BF561FB5-CAE8-4300-AE1C-275D8E7109CE}.Release|Any CPU.Build.0 = Release|Any CPU
		{A5DACF98-3F86-45F0-B720-CC40BC2D8831}.Debug|Any CPU.ActiveCfg = Debug|Any CPU
		{A5DACF98-3F86-45F0-B720-CC40BC2D8831}.Debug|Any CPU.Build.0 = Debug|Any CPU
		{A5DACF98-3F86-45F0-B720-CC40BC2D8831}.Release|Any CPU.ActiveCfg = Release|Any CPU
		{A5DACF98-3F86-45F0-B720-CC40BC2D8831}.Release|Any CPU.Build.0 = Release|Any CPU
	EndGlobalSection
	GlobalSection(SolutionProperties) = preSolution
		HideSolutionNode = FALSE
	EndGlobalSection
	GlobalSection(ExtensibilityGlobals) = postSolution
		SolutionGuid = {1744D6EC-2A81-447C-A3FE-B7D211DE2BE1}
	EndGlobalSection
EndGlobal
